
Microsoft Visual Studio Solution File, Format Version 12.00
# Visual Studio Version 16
VisualStudioVersion = 16.0.29306.81
MinimumVisualStudioVersion = 10.0.40219.1
Project("{FAE04EC0-301F-11D3-BF4B-00C04F79EFBC}") = "immigration", "immigration\immigration.csproj", "{A6C1371B-4161-47AF-AEC9-0E7051A50D0D}"
EndProject
Global
	GlobalSection(SolutionConfigurationPlatforms) = preSolution
		Debug|Any CPU = Debug|Any CPU
		Release|Any CPU = Release|Any CPU
	EndGlobalSection
	GlobalSection(ProjectConfigurationPlatforms) = postSolution
		{A6C1371B-4161-47AF-AEC9-0E7051A50D0D}.Debug|Any CPU.ActiveCfg = Debug|Any CPU
		{A6C1371B-4161-47AF-AEC9-0E7051A50D0D}.Debug|Any CPU.Build.0 = Debug|Any CPU
		{A6C1371B-4161-47AF-AEC9-0E7051A50D0D}.Release|Any CPU.ActiveCfg = Release|Any CPU
		{A6C1371B-4161-47AF-AEC9-0E7051A50D0D}.Release|Any CPU.Build.0 = Release|Any CPU
	EndGlobalSection
	GlobalSection(SolutionProperties) = preSolution
		HideSolutionNode = FALSE
	EndGlobalSection
	GlobalSection(ExtensibilityGlobals) = postSolution
		SolutionGuid = {ECEC7BD4-8B1F-4A16-A062-666368AACE3B}
	EndGlobalSection
EndGlobal
