
Microsoft Visual Studio Solution File, Format Version 12.00
# Visual Studio Version 17
VisualStudioVersion = 17.5.33627.172
MinimumVisualStudioVersion = 10.0.40219.1
Project("{E24C65DC-7377-472B-9ABA-BC803B73C61A}") = "nokstech2", "nokstech2\", "{2001F1DD-47BA-465B-956F-66451B7DBA76}"
	ProjectSection(WebsiteProperties) = preProject
		TargetFrameworkMoniker = ".NETFramework,Version%3Dv4.7.2"
		Debug.AspNetCompiler.VirtualPath = "/localhost_51533"
		Debug.AspNetCompiler.PhysicalPath = "nokstech2\"
		Debug.AspNetCompiler.TargetPath = "PrecompiledWeb\localhost_51533\"
		Debug.AspNetCompiler.Updateable = "true"
		Debug.AspNetCompiler.ForceOverwrite = "true"
		Debug.AspNetCompiler.FixedNames = "false"
		Debug.AspNetCompiler.Debug = "True"
		Release.AspNetCompiler.VirtualPath = "/localhost_51533"
		Release.AspNetCompiler.PhysicalPath = "nokstech2\"
		Release.AspNetCompiler.TargetPath = "PrecompiledWeb\localhost_51533\"
		Release.AspNetCompiler.Updateable = "true"
		Release.AspNetCompiler.ForceOverwrite = "true"
		Release.AspNetCompiler.FixedNames = "false"
		Release.AspNetCompiler.Debug = "False"
		VWDPort = "51533"
		SlnRelativePath = "nokstech2\"
		DefaultWebSiteLanguage = "Visual C#"
	EndProjectSection
EndProject
Global
	GlobalSection(SolutionConfigurationPlatforms) = preSolution
		Debug|Any CPU = Debug|Any CPU
	EndGlobalSection
	GlobalSection(ProjectConfigurationPlatforms) = postSolution
		{2001F1DD-47BA-465B-956F-66451B7DBA76}.Debug|Any CPU.ActiveCfg = Debug|Any CPU
		{2001F1DD-47BA-465B-956F-66451B7DBA76}.Debug|Any CPU.Build.0 = Debug|Any CPU
	EndGlobalSection
	GlobalSection(SolutionProperties) = preSolution
		HideSolutionNode = FALSE
	EndGlobalSection
	GlobalSection(ExtensibilityGlobals) = postSolution
		SolutionGuid = {824E4618-B4A8-4BC9-8D57-5CE78D1739E1}
	EndGlobalSection
EndGlobal
