
Microsoft Visual Studio Solution File, Format Version 12.00
# Visual Studio Version 17
VisualStudioVersion = 17.10.35013.160
MinimumVisualStudioVersion = 10.0.40219.1
Project("{FAE04EC0-301F-11D3-BF4B-00C04F79EFBC}") = "nokstech2", "nokstech2.csproj", "{20E42636-0769-425E-BD3B-E9230666CD8F}"
EndProject
Global
	GlobalSection(SolutionConfigurationPlatforms) = preSolution
		Debug|Any CPU = Debug|Any CPU
		Release|Any CPU = Release|Any CPU
	EndGlobalSection
	GlobalSection(ProjectConfigurationPlatforms) = postSolution
		{20E42636-0769-425E-BD3B-E9230666CD8F}.Debug|Any CPU.ActiveCfg = Debug|Any CPU
		{20E42636-0769-425E-BD3B-E9230666CD8F}.Debug|Any CPU.Build.0 = Debug|Any CPU
		{20E42636-0769-425E-BD3B-E9230666CD8F}.Release|Any CPU.ActiveCfg = Release|Any CPU
		{20E42636-0769-425E-BD3B-E9230666CD8F}.Release|Any CPU.Build.0 = Release|Any CPU
	EndGlobalSection
	GlobalSection(SolutionProperties) = preSolution
		HideSolutionNode = FALSE
	EndGlobalSection
	GlobalSection(ExtensibilityGlobals) = postSolution
		SolutionGuid = {EFB539F4-F2F9-4CCD-8985-E6BDA3043AC1}
	EndGlobalSection
EndGlobal
